// !$*UTF8*$!
{
	archiveVersion = 1;
	classes = {
	};
	objectVersion = 56;
	objects = {

/* Begin PBXBuildFile section */
		08018FF02C7A5BAE00D489C6 /* StorageRef(Extension).swift in Sources */ = {isa = PBXBuildFile; fileRef = 08018FEF2C7A5BAE00D489C6 /* StorageRef(Extension).swift */; };
		080E02652BAA0F840044ADFB /* ProgressBar.swift in Sources */ = {isa = PBXBuildFile; fileRef = 080E02642BAA0F840044ADFB /* ProgressBar.swift */; };
		081E0E202BD9782600738946 /* FirebaseDatabase in Frameworks */ = {isa = PBXBuildFile; productRef = 081E0E1F2BD9782600738946 /* FirebaseDatabase */; };
		081E0E222BD9783100738946 /* FirebaseDatabaseSwift in Frameworks */ = {isa = PBXBuildFile; productRef = 081E0E212BD9783100738946 /* FirebaseDatabaseSwift */; };
		082073822C59596F00BD5C96 /* Comments.swift in Sources */ = {isa = PBXBuildFile; fileRef = 082073812C59596F00BD5C96 /* Comments.swift */; };
		082C36322BAFBC2F00CD7621 /* AddTask.swift in Sources */ = {isa = PBXBuildFile; fileRef = 082C36312BAFBC2F00CD7621 /* AddTask.swift */; };
		082CB7342C1AFF8A00EB0622 /* AddFriends.swift in Sources */ = {isa = PBXBuildFile; fileRef = 082CB7332C1AFF8A00EB0622 /* AddFriends.swift */; };
		082D11B42B82910100E39B40 /* HabitAdder.swift in Sources */ = {isa = PBXBuildFile; fileRef = 082D11B32B82910100E39B40 /* HabitAdder.swift */; };
		082D11B72B8291E400E39B40 /* ViewYourProgress.swift in Sources */ = {isa = PBXBuildFile; fileRef = 082D11B62B8291E400E39B40 /* ViewYourProgress.swift */; };
		083670132C37EB9E007A2708 /* Profile.swift in Sources */ = {isa = PBXBuildFile; fileRef = 083670122C37EB9E007A2708 /* Profile.swift */; };
		083670152C380285007A2708 /* Last10Days.swift in Sources */ = {isa = PBXBuildFile; fileRef = 083670142C380285007A2708 /* Last10Days.swift */; };
		084F54992C5FF5D600E44385 /* MockViewModel.swift in Sources */ = {isa = PBXBuildFile; fileRef = 084F54982C5FF5D600E44385 /* MockViewModel.swift */; };
		085D8E0E2BA0DF580028AD03 /* ViewModel.swift in Sources */ = {isa = PBXBuildFile; fileRef = 085D8E0D2BA0DF580028AD03 /* ViewModel.swift */; };
		085D8E122BA0E8540028AD03 /* StartView.swift in Sources */ = {isa = PBXBuildFile; fileRef = 085D8E112BA0E8540028AD03 /* StartView.swift */; };
		086FA10E2BA2178F005B26EB /* Input.swift in Sources */ = {isa = PBXBuildFile; fileRef = 086FA10D2BA2178F005B26EB /* Input.swift */; };
		086FA1122BA217D5005B26EB /* SettingsButton.swift in Sources */ = {isa = PBXBuildFile; fileRef = 086FA1112BA217D5005B26EB /* SettingsButton.swift */; };
		086FA1142BA217F9005B26EB /* SettingsView.swift in Sources */ = {isa = PBXBuildFile; fileRef = 086FA1132BA217F9005B26EB /* SettingsView.swift */; };
		086FA11C2BA2201C005B26EB /* FirebaseAuth in Frameworks */ = {isa = PBXBuildFile; productRef = 086FA11B2BA2201C005B26EB /* FirebaseAuth */; };
		086FA11E2BA22027005B26EB /* FirebaseFirestore in Frameworks */ = {isa = PBXBuildFile; productRef = 086FA11D2BA22027005B26EB /* FirebaseFirestore */; };
		086FA1222BA2204A005B26EB /* FirebaseStorage in Frameworks */ = {isa = PBXBuildFile; productRef = 086FA1212BA2204A005B26EB /* FirebaseStorage */; };
		086FA1262BA221A6005B26EB /* SignUpView.swift in Sources */ = {isa = PBXBuildFile; fileRef = 086FA1252BA221A6005B26EB /* SignUpView.swift */; };
		087305262C18890F00F6DFEE /* FriendsBar.swift in Sources */ = {isa = PBXBuildFile; fileRef = 087305252C18890F00F6DFEE /* FriendsBar.swift */; };
		08834BBD2C405C8B00DAF6E0 /* FeedView.swift in Sources */ = {isa = PBXBuildFile; fileRef = 08834BBC2C405C8B00DAF6E0 /* FeedView.swift */; };
		08834BBF2C405F0400DAF6E0 /* TabView.swift in Sources */ = {isa = PBXBuildFile; fileRef = 08834BBE2C405F0400DAF6E0 /* TabView.swift */; };
		08A430872C46F88F00D22B23 /* HabitPostView.swift in Sources */ = {isa = PBXBuildFile; fileRef = 08A430862C46F88F00D22B23 /* HabitPostView.swift */; };
		08A430892C46FB9400D22B23 /* ImagePicker.swift in Sources */ = {isa = PBXBuildFile; fileRef = 08A430882C46FB9400D22B23 /* ImagePicker.swift */; };
		08B8419F2BA5F15E009B4419 /* GoogleService-Info.plist in Resources */ = {isa = PBXBuildFile; fileRef = 08B8419E2BA5F15E009B4419 /* GoogleService-Info.plist */; };
		08BE44152C62719D00DD9457 /* CalendarView.swift in Sources */ = {isa = PBXBuildFile; fileRef = 08BE44142C62719D00DD9457 /* CalendarView.swift */; };
		08C5911D2BBC8376000EE1B9 /* LogInView.swift in Sources */ = {isa = PBXBuildFile; fileRef = 08C5911C2BBC8376000EE1B9 /* LogInView.swift */; };
		08C5911F2BBC84AD000EE1B9 /* FirebaseFirestoreSwift in Frameworks */ = {isa = PBXBuildFile; productRef = 08C5911E2BBC84AD000EE1B9 /* FirebaseFirestoreSwift */; };
		08CD3D222C3444D800D48FAD /* BlurEffect.swift in Sources */ = {isa = PBXBuildFile; fileRef = 08CD3D212C3444D800D48FAD /* BlurEffect.swift */; };
		08DC9D4B2C3306BD00AFDA0F /* OuterCircle.swift in Sources */ = {isa = PBXBuildFile; fileRef = 08DC9D4A2C3306BD00AFDA0F /* OuterCircle.swift */; };
		08E2D3E52BA0CE3D0097327A /* UserObject.swift in Sources */ = {isa = PBXBuildFile; fileRef = 08E2D3E42BA0CE3D0097327A /* UserObject.swift */; };
		08EB383E2B7FCF6700141B28 /* HabitTracker.swift in Sources */ = {isa = PBXBuildFile; fileRef = 08EB383D2B7FCF6700141B28 /* HabitTracker.swift */; };
		08F0487C2C612773008F5CFD /* ProfileOptions.swift in Sources */ = {isa = PBXBuildFile; fileRef = 08F0487B2C612773008F5CFD /* ProfileOptions.swift */; };
		08F0487E2C612BBD008F5CFD /* Posts.swift in Sources */ = {isa = PBXBuildFile; fileRef = 08F0487D2C612BBD008F5CFD /* Posts.swift */; };
		7646F2AD2B7837D20075908C /* Prod1App.swift in Sources */ = {isa = PBXBuildFile; fileRef = 7646F2AC2B7837D20075908C /* Prod1App.swift */; };
		7646F2AF2B7837D20075908C /* ContentView.swift in Sources */ = {isa = PBXBuildFile; fileRef = 7646F2AE2B7837D20075908C /* ContentView.swift */; };
		7646F2B12B7837D40075908C /* Assets.xcassets in Resources */ = {isa = PBXBuildFile; fileRef = 7646F2B02B7837D40075908C /* Assets.xcassets */; };
		7646F2B42B7837D40075908C /* Preview Assets.xcassets in Resources */ = {isa = PBXBuildFile; fileRef = 7646F2B32B7837D40075908C /* Preview Assets.xcassets */; };
/* End PBXBuildFile section */

/* Begin PBXFileReference section */
		08018FEF2C7A5BAE00D489C6 /* StorageRef(Extension).swift */ = {isa = PBXFileReference; lastKnownFileType = sourcecode.swift; path = "StorageRef(Extension).swift"; sourceTree = "<group>"; };
		080E02642BAA0F840044ADFB /* ProgressBar.swift */ = {isa = PBXFileReference; lastKnownFileType = sourcecode.swift; path = ProgressBar.swift; sourceTree = "<group>"; };
		082073812C59596F00BD5C96 /* Comments.swift */ = {isa = PBXFileReference; lastKnownFileType = sourcecode.swift; path = Comments.swift; sourceTree = "<group>"; };
		082C36312BAFBC2F00CD7621 /* AddTask.swift */ = {isa = PBXFileReference; lastKnownFileType = sourcecode.swift; path = AddTask.swift; sourceTree = "<group>"; };
		082CB7332C1AFF8A00EB0622 /* AddFriends.swift */ = {isa = PBXFileReference; lastKnownFileType = sourcecode.swift; path = AddFriends.swift; sourceTree = "<group>"; };
		082D11B32B82910100E39B40 /* HabitAdder.swift */ = {isa = PBXFileReference; lastKnownFileType = sourcecode.swift; path = HabitAdder.swift; sourceTree = "<group>"; };
		082D11B62B8291E400E39B40 /* ViewYourProgress.swift */ = {isa = PBXFileReference; lastKnownFileType = sourcecode.swift; path = ViewYourProgress.swift; sourceTree = "<group>"; };
		083670122C37EB9E007A2708 /* Profile.swift */ = {isa = PBXFileReference; lastKnownFileType = sourcecode.swift; path = Profile.swift; sourceTree = "<group>"; };
		083670142C380285007A2708 /* Last10Days.swift */ = {isa = PBXFileReference; lastKnownFileType = sourcecode.swift; path = Last10Days.swift; sourceTree = "<group>"; };
		084F54982C5FF5D600E44385 /* MockViewModel.swift */ = {isa = PBXFileReference; lastKnownFileType = sourcecode.swift; name = MockViewModel.swift; path = SocialMedia/MockViewModel.swift; sourceTree = "<group>"; };
		085D8E0D2BA0DF580028AD03 /* ViewModel.swift */ = {isa = PBXFileReference; lastKnownFileType = sourcecode.swift; name = ViewModel.swift; path = Authentication/ViewModel.swift; sourceTree = "<group>"; };
		085D8E112BA0E8540028AD03 /* StartView.swift */ = {isa = PBXFileReference; lastKnownFileType = sourcecode.swift; path = StartView.swift; sourceTree = "<group>"; };
		086FA10D2BA2178F005B26EB /* Input.swift */ = {isa = PBXFileReference; lastKnownFileType = sourcecode.swift; path = Input.swift; sourceTree = "<group>"; };
		086FA1112BA217D5005B26EB /* SettingsButton.swift */ = {isa = PBXFileReference; lastKnownFileType = sourcecode.swift; path = SettingsButton.swift; sourceTree = "<group>"; };
		086FA1132BA217F9005B26EB /* SettingsView.swift */ = {isa = PBXFileReference; lastKnownFileType = sourcecode.swift; path = SettingsView.swift; sourceTree = "<group>"; };
		086FA1252BA221A6005B26EB /* SignUpView.swift */ = {isa = PBXFileReference; lastKnownFileType = sourcecode.swift; path = SignUpView.swift; sourceTree = "<group>"; };
		087305252C18890F00F6DFEE /* FriendsBar.swift */ = {isa = PBXFileReference; lastKnownFileType = sourcecode.swift; path = FriendsBar.swift; sourceTree = "<group>"; };
		08834BBC2C405C8B00DAF6E0 /* FeedView.swift */ = {isa = PBXFileReference; lastKnownFileType = sourcecode.swift; path = FeedView.swift; sourceTree = "<group>"; };
		08834BBE2C405F0400DAF6E0 /* TabView.swift */ = {isa = PBXFileReference; lastKnownFileType = sourcecode.swift; path = TabView.swift; sourceTree = "<group>"; };
		08A430862C46F88F00D22B23 /* HabitPostView.swift */ = {isa = PBXFileReference; lastKnownFileType = sourcecode.swift; path = HabitPostView.swift; sourceTree = "<group>"; };
		08A430882C46FB9400D22B23 /* ImagePicker.swift */ = {isa = PBXFileReference; lastKnownFileType = sourcecode.swift; path = ImagePicker.swift; sourceTree = "<group>"; };
		08B8419E2BA5F15E009B4419 /* GoogleService-Info.plist */ = {isa = PBXFileReference; fileEncoding = 4; lastKnownFileType = text.plist.xml; path = "GoogleService-Info.plist"; sourceTree = "<group>"; };
		08BE44142C62719D00DD9457 /* CalendarView.swift */ = {isa = PBXFileReference; lastKnownFileType = sourcecode.swift; path = CalendarView.swift; sourceTree = "<group>"; };
		08C5911C2BBC8376000EE1B9 /* LogInView.swift */ = {isa = PBXFileReference; lastKnownFileType = sourcecode.swift; path = LogInView.swift; sourceTree = "<group>"; };
		08CD3D212C3444D800D48FAD /* BlurEffect.swift */ = {isa = PBXFileReference; lastKnownFileType = sourcecode.swift; path = BlurEffect.swift; sourceTree = "<group>"; };
		08DC9D4A2C3306BD00AFDA0F /* OuterCircle.swift */ = {isa = PBXFileReference; lastKnownFileType = sourcecode.swift; path = OuterCircle.swift; sourceTree = "<group>"; };
		08E2D3E42BA0CE3D0097327A /* UserObject.swift */ = {isa = PBXFileReference; lastKnownFileType = sourcecode.swift; path = UserObject.swift; sourceTree = "<group>"; };
		08EB383D2B7FCF6700141B28 /* HabitTracker.swift */ = {isa = PBXFileReference; lastKnownFileType = sourcecode.swift; path = HabitTracker.swift; sourceTree = "<group>"; };
		08F0487B2C612773008F5CFD /* ProfileOptions.swift */ = {isa = PBXFileReference; lastKnownFileType = sourcecode.swift; path = ProfileOptions.swift; sourceTree = "<group>"; };
		08F0487D2C612BBD008F5CFD /* Posts.swift */ = {isa = PBXFileReference; lastKnownFileType = sourcecode.swift; path = Posts.swift; sourceTree = "<group>"; };
		7646F2A92B7837D20075908C /* Prod1.app */ = {isa = PBXFileReference; explicitFileType = wrapper.application; includeInIndex = 0; path = Prod1.app; sourceTree = BUILT_PRODUCTS_DIR; };
		7646F2AC2B7837D20075908C /* Prod1App.swift */ = {isa = PBXFileReference; lastKnownFileType = sourcecode.swift; path = Prod1App.swift; sourceTree = "<group>"; };
		7646F2AE2B7837D20075908C /* ContentView.swift */ = {isa = PBXFileReference; lastKnownFileType = sourcecode.swift; path = ContentView.swift; sourceTree = "<group>"; };
		7646F2B02B7837D40075908C /* Assets.xcassets */ = {isa = PBXFileReference; lastKnownFileType = folder.assetcatalog; path = Assets.xcassets; sourceTree = "<group>"; };
		7646F2B32B7837D40075908C /* Preview Assets.xcassets */ = {isa = PBXFileReference; lastKnownFileType = folder.assetcatalog; path = "Preview Assets.xcassets"; sourceTree = "<group>"; };
/* End PBXFileReference section */

/* Begin PBXFrameworksBuildPhase section */
		7646F2A62B7837D20075908C /* Frameworks */ = {
			isa = PBXFrameworksBuildPhase;
			buildActionMask = 2147483647;
			files = (
				081E0E222BD9783100738946 /* FirebaseDatabaseSwift in Frameworks */,
				081E0E202BD9782600738946 /* FirebaseDatabase in Frameworks */,
				086FA11C2BA2201C005B26EB /* FirebaseAuth in Frameworks */,
				086FA1222BA2204A005B26EB /* FirebaseStorage in Frameworks */,
				086FA11E2BA22027005B26EB /* FirebaseFirestore in Frameworks */,
				08C5911F2BBC84AD000EE1B9 /* FirebaseFirestoreSwift in Frameworks */,
			);
			runOnlyForDeploymentPostprocessing = 0;
		};
/* End PBXFrameworksBuildPhase section */

/* Begin PBXGroup section */
		08018FF12C7A604C00D489C6 /* Friends */ = {
			isa = PBXGroup;
			children = (
				087305252C18890F00F6DFEE /* FriendsBar.swift */,
				082CB7332C1AFF8A00EB0622 /* AddFriends.swift */,
			);
			path = Friends;
			sourceTree = "<group>";
		};
		082D11B52B82912D00E39B40 /* Habits */ = {
			isa = PBXGroup;
			children = (
				08EB383D2B7FCF6700141B28 /* HabitTracker.swift */,
				082D11B32B82910100E39B40 /* HabitAdder.swift */,
				08A430862C46F88F00D22B23 /* HabitPostView.swift */,
			);
			path = Habits;
			sourceTree = "<group>";
		};
		086FA1182BA21A12005B26EB /* Frameworks */ = {
			isa = PBXGroup;
			children = (
			);
			name = Frameworks;
			sourceTree = "<group>";
		};
		086FA12B2BA225B1005B26EB /* Settings */ = {
			isa = PBXGroup;
			children = (
				086FA1132BA217F9005B26EB /* SettingsView.swift */,
				086FA1112BA217D5005B26EB /* SettingsButton.swift */,
			);
			name = Settings;
			sourceTree = "<group>";
		};
		086FA12C2BA225DF005B26EB /* AuthView */ = {
			isa = PBXGroup;
			children = (
				08C5911C2BBC8376000EE1B9 /* LogInView.swift */,
				086FA10D2BA2178F005B26EB /* Input.swift */,
				086FA1252BA221A6005B26EB /* SignUpView.swift */,
			);
			name = AuthView;
			sourceTree = "<group>";
		};
		086FA12E2BA2262A005B26EB /* ViewModels */ = {
			isa = PBXGroup;
			children = (
				085D8E0D2BA0DF580028AD03 /* ViewModel.swift */,
				084F54982C5FF5D600E44385 /* MockViewModel.swift */,
			);
			name = ViewModels;
			sourceTree = "<group>";
		};
		086FA12F2BA226C9005B26EB /* ViewProgress */ = {
			isa = PBXGroup;
			children = (
				083670142C380285007A2708 /* Last10Days.swift */,
				082D11B62B8291E400E39B40 /* ViewYourProgress.swift */,
				08BE44142C62719D00DD9457 /* CalendarView.swift */,
			);
			name = ViewProgress;
			sourceTree = "<group>";
		};
		08A4308A2C46FF4500D22B23 /* Lobby */ = {
			isa = PBXGroup;
			children = (
				085D8E112BA0E8540028AD03 /* StartView.swift */,
				08834BBE2C405F0400DAF6E0 /* TabView.swift */,
			);
			path = Lobby;
			sourceTree = "<group>";
		};
		08A4308B2C46FF5F00D22B23 /* SocialMedia */ = {
			isa = PBXGroup;
			children = (
				08834BBC2C405C8B00DAF6E0 /* FeedView.swift */,
				082073812C59596F00BD5C96 /* Comments.swift */,
			);
			path = SocialMedia;
			sourceTree = "<group>";
		};
		08A4308C2C46FF7700D22B23 /* Tasks */ = {
			isa = PBXGroup;
			children = (
				080E02642BAA0F840044ADFB /* ProgressBar.swift */,
				082C36312BAFBC2F00CD7621 /* AddTask.swift */,
				08DC9D4A2C3306BD00AFDA0F /* OuterCircle.swift */,
			);
			path = Tasks;
			sourceTree = "<group>";
		};
		08C0556A2C7A7CDB0078A98F /* Profile */ = {
			isa = PBXGroup;
			children = (
				08F0487B2C612773008F5CFD /* ProfileOptions.swift */,
				083670122C37EB9E007A2708 /* Profile.swift */,
				08F0487D2C612BBD008F5CFD /* Posts.swift */,
			);
			path = Profile;
			sourceTree = "<group>";
		};
		08E5A3662B9FC9A000F3B5C5 /* Authentication */ = {
			isa = PBXGroup;
			children = (
				086FA12C2BA225DF005B26EB /* AuthView */,
			);
			path = Authentication;
			sourceTree = "<group>";
		};
		7646F2A02B7837D20075908C = {
			isa = PBXGroup;
			children = (
				7646F2AB2B7837D20075908C /* Prod1 */,
				7646F2AA2B7837D20075908C /* Products */,
				086FA1182BA21A12005B26EB /* Frameworks */,
			);
			sourceTree = "<group>";
		};
		7646F2AA2B7837D20075908C /* Products */ = {
			isa = PBXGroup;
			children = (
				7646F2A92B7837D20075908C /* Prod1.app */,
			);
			name = Products;
			sourceTree = "<group>";
		};
		7646F2AB2B7837D20075908C /* Prod1 */ = {
			isa = PBXGroup;
			children = (
				08B8419E2BA5F15E009B4419 /* GoogleService-Info.plist */,
				7646F2AC2B7837D20075908C /* Prod1App.swift */,
				08A4308A2C46FF4500D22B23 /* Lobby */,
				7646F2AE2B7837D20075908C /* ContentView.swift */,
				08A4308C2C46FF7700D22B23 /* Tasks */,
				082D11B52B82912D00E39B40 /* Habits */,
				086FA12F2BA226C9005B26EB /* ViewProgress */,
				08C0556A2C7A7CDB0078A98F /* Profile */,
				08018FF12C7A604C00D489C6 /* Friends */,
				08A4308B2C46FF5F00D22B23 /* SocialMedia */,
				086FA12B2BA225B1005B26EB /* Settings */,
				08E5A3662B9FC9A000F3B5C5 /* Authentication */,
				086FA12E2BA2262A005B26EB /* ViewModels */,
				08E2D3E42BA0CE3D0097327A /* UserObject.swift */,
				08018FEF2C7A5BAE00D489C6 /* StorageRef(Extension).swift */,
				08CD3D212C3444D800D48FAD /* BlurEffect.swift */,
				08A430882C46FB9400D22B23 /* ImagePicker.swift */,
				7646F2B02B7837D40075908C /* Assets.xcassets */,
				7646F2B22B7837D40075908C /* Preview Content */,
			);
			path = Prod1;
			sourceTree = "<group>";
		};
		7646F2B22B7837D40075908C /* Preview Content */ = {
			isa = PBXGroup;
			children = (
				7646F2B32B7837D40075908C /* Preview Assets.xcassets */,
			);
			path = "Preview Content";
			sourceTree = "<group>";
		};
/* End PBXGroup section */

/* Begin PBXNativeTarget section */
		7646F2A82B7837D20075908C /* Prod1 */ = {
			isa = PBXNativeTarget;
			buildConfigurationList = 7646F2B72B7837D40075908C /* Build configuration list for PBXNativeTarget "Prod1" */;
			buildPhases = (
				7646F2A52B7837D20075908C /* Sources */,
				7646F2A62B7837D20075908C /* Frameworks */,
				7646F2A72B7837D20075908C /* Resources */,
			);
			buildRules = (
			);
			dependencies = (
			);
			name = Prod1;
			packageProductDependencies = (
				086FA11B2BA2201C005B26EB /* FirebaseAuth */,
				086FA11D2BA22027005B26EB /* FirebaseFirestore */,
				086FA1212BA2204A005B26EB /* FirebaseStorage */,
				08C5911E2BBC84AD000EE1B9 /* FirebaseFirestoreSwift */,
				081E0E1F2BD9782600738946 /* FirebaseDatabase */,
				081E0E212BD9783100738946 /* FirebaseDatabaseSwift */,
			);
			productName = Prod1;
			productReference = 7646F2A92B7837D20075908C /* Prod1.app */;
			productType = "com.apple.product-type.application";
		};
/* End PBXNativeTarget section */

/* Begin PBXProject section */
		7646F2A12B7837D20075908C /* Project object */ = {
			isa = PBXProject;
			attributes = {
				BuildIndependentTargetsInParallel = 1;
				LastSwiftUpdateCheck = 1520;
				LastUpgradeCheck = 1520;
				TargetAttributes = {
					7646F2A82B7837D20075908C = {
						CreatedOnToolsVersion = 15.2;
					};
				};
			};
			buildConfigurationList = 7646F2A42B7837D20075908C /* Build configuration list for PBXProject "Prod1" */;
			compatibilityVersion = "Xcode 14.0";
			developmentRegion = en;
			hasScannedForEncodings = 0;
			knownRegions = (
				en,
				Base,
			);
			mainGroup = 7646F2A02B7837D20075908C;
			packageReferences = (
				7646F2DC2B788A8E0075908C /* XCRemoteSwiftPackageReference "Modals" */,
				082DB65B2B9FBB8700E7E0F0 /* XCRemoteSwiftPackageReference "firebase-ios-sdk" */,
			);
			productRefGroup = 7646F2AA2B7837D20075908C /* Products */;
			projectDirPath = "";
			projectRoot = "";
			targets = (
				7646F2A82B7837D20075908C /* Prod1 */,
			);
		};
/* End PBXProject section */

/* Begin PBXResourcesBuildPhase section */
		7646F2A72B7837D20075908C /* Resources */ = {
			isa = PBXResourcesBuildPhase;
			buildActionMask = 2147483647;
			files = (
				7646F2B42B7837D40075908C /* Preview Assets.xcassets in Resources */,
				7646F2B12B7837D40075908C /* Assets.xcassets in Resources */,
				08B8419F2BA5F15E009B4419 /* GoogleService-Info.plist in Resources */,
			);
			runOnlyForDeploymentPostprocessing = 0;
		};
/* End PBXResourcesBuildPhase section */

/* Begin PBXSourcesBuildPhase section */
		7646F2A52B7837D20075908C /* Sources */ = {
			isa = PBXSourcesBuildPhase;
			buildActionMask = 2147483647;
			files = (
				086FA1122BA217D5005B26EB /* SettingsButton.swift in Sources */,
				08C5911D2BBC8376000EE1B9 /* LogInView.swift in Sources */,
				08BE44152C62719D00DD9457 /* CalendarView.swift in Sources */,
				08834BBF2C405F0400DAF6E0 /* TabView.swift in Sources */,
				086FA10E2BA2178F005B26EB /* Input.swift in Sources */,
				083670132C37EB9E007A2708 /* Profile.swift in Sources */,
				084F54992C5FF5D600E44385 /* MockViewModel.swift in Sources */,
				08F0487E2C612BBD008F5CFD /* Posts.swift in Sources */,
				082D11B42B82910100E39B40 /* HabitAdder.swift in Sources */,
				08DC9D4B2C3306BD00AFDA0F /* OuterCircle.swift in Sources */,
				087305262C18890F00F6DFEE /* FriendsBar.swift in Sources */,
				08A430872C46F88F00D22B23 /* HabitPostView.swift in Sources */,
				08E2D3E52BA0CE3D0097327A /* UserObject.swift in Sources */,
				086FA1262BA221A6005B26EB /* SignUpView.swift in Sources */,
				08834BBD2C405C8B00DAF6E0 /* FeedView.swift in Sources */,
				08A430892C46FB9400D22B23 /* ImagePicker.swift in Sources */,
				08CD3D222C3444D800D48FAD /* BlurEffect.swift in Sources */,
				086FA1142BA217F9005B26EB /* SettingsView.swift in Sources */,
				085D8E0E2BA0DF580028AD03 /* ViewModel.swift in Sources */,
				08F0487C2C612773008F5CFD /* ProfileOptions.swift in Sources */,
				7646F2AF2B7837D20075908C /* ContentView.swift in Sources */,
				08018FF02C7A5BAE00D489C6 /* StorageRef(Extension).swift in Sources */,
				082073822C59596F00BD5C96 /* Comments.swift in Sources */,
				080E02652BAA0F840044ADFB /* ProgressBar.swift in Sources */,
				082D11B72B8291E400E39B40 /* ViewYourProgress.swift in Sources */,
				082C36322BAFBC2F00CD7621 /* AddTask.swift in Sources */,
				083670152C380285007A2708 /* Last10Days.swift in Sources */,
				7646F2AD2B7837D20075908C /* Prod1App.swift in Sources */,
				085D8E122BA0E8540028AD03 /* StartView.swift in Sources */,
				08EB383E2B7FCF6700141B28 /* HabitTracker.swift in Sources */,
				082CB7342C1AFF8A00EB0622 /* AddFriends.swift in Sources */,
			);
			runOnlyForDeploymentPostprocessing = 0;
		};
/* End PBXSourcesBuildPhase section */

/* Begin XCBuildConfiguration section */
		7646F2B52B7837D40075908C /* Debug */ = {
			isa = XCBuildConfiguration;
			buildSettings = {
				ALWAYS_SEARCH_USER_PATHS = NO;
				ASSETCATALOG_COMPILER_GENERATE_SWIFT_ASSET_SYMBOL_EXTENSIONS = YES;
				CLANG_ANALYZER_NONNULL = YES;
				CLANG_ANALYZER_NUMBER_OBJECT_CONVERSION = YES_AGGRESSIVE;
				CLANG_CXX_LANGUAGE_STANDARD = "gnu++20";
				CLANG_ENABLE_MODULES = YES;
				CLANG_ENABLE_OBJC_ARC = YES;
				CLANG_ENABLE_OBJC_WEAK = YES;
				CLANG_WARN_BLOCK_CAPTURE_AUTORELEASING = YES;
				CLANG_WARN_BOOL_CONVERSION = YES;
				CLANG_WARN_COMMA = YES;
				CLANG_WARN_CONSTANT_CONVERSION = YES;
				CLANG_WARN_DEPRECATED_OBJC_IMPLEMENTATIONS = YES;
				CLANG_WARN_DIRECT_OBJC_ISA_USAGE = YES_ERROR;
				CLANG_WARN_DOCUMENTATION_COMMENTS = YES;
				CLANG_WARN_EMPTY_BODY = YES;
				CLANG_WARN_ENUM_CONVERSION = YES;
				CLANG_WARN_INFINITE_RECURSION = YES;
				CLANG_WARN_INT_CONVERSION = YES;
				CLANG_WARN_NON_LITERAL_NULL_CONVERSION = YES;
				CLANG_WARN_OBJC_IMPLICIT_RETAIN_SELF = YES;
				CLANG_WARN_OBJC_LITERAL_CONVERSION = YES;
				CLANG_WARN_OBJC_ROOT_CLASS = YES_ERROR;
				CLANG_WARN_QUOTED_INCLUDE_IN_FRAMEWORK_HEADER = YES;
				CLANG_WARN_RANGE_LOOP_ANALYSIS = YES;
				CLANG_WARN_STRICT_PROTOTYPES = YES;
				CLANG_WARN_SUSPICIOUS_MOVE = YES;
				CLANG_WARN_UNGUARDED_AVAILABILITY = YES_AGGRESSIVE;
				CLANG_WARN_UNREACHABLE_CODE = YES;
				CLANG_WARN__DUPLICATE_METHOD_MATCH = YES;
				COPY_PHASE_STRIP = NO;
				DEBUG_INFORMATION_FORMAT = dwarf;
				ENABLE_STRICT_OBJC_MSGSEND = YES;
				ENABLE_TESTABILITY = YES;
				ENABLE_USER_SCRIPT_SANDBOXING = YES;
				GCC_C_LANGUAGE_STANDARD = gnu17;
				GCC_DYNAMIC_NO_PIC = NO;
				GCC_NO_COMMON_BLOCKS = YES;
				GCC_OPTIMIZATION_LEVEL = 0;
				GCC_PREPROCESSOR_DEFINITIONS = (
					"DEBUG=1",
					"$(inherited)",
				);
				GCC_WARN_64_TO_32_BIT_CONVERSION = YES;
				GCC_WARN_ABOUT_RETURN_TYPE = YES_ERROR;
				GCC_WARN_UNDECLARED_SELECTOR = YES;
				GCC_WARN_UNINITIALIZED_AUTOS = YES_AGGRESSIVE;
				GCC_WARN_UNUSED_FUNCTION = YES;
				GCC_WARN_UNUSED_VARIABLE = YES;
				IPHONEOS_DEPLOYMENT_TARGET = 17.2;
				LOCALIZATION_PREFERS_STRING_CATALOGS = YES;
				MTL_ENABLE_DEBUG_INFO = INCLUDE_SOURCE;
				MTL_FAST_MATH = YES;
				ONLY_ACTIVE_ARCH = YES;
				SDKROOT = iphoneos;
				SWIFT_ACTIVE_COMPILATION_CONDITIONS = "DEBUG $(inherited)";
				SWIFT_OPTIMIZATION_LEVEL = "-Onone";
			};
			name = Debug;
		};
		7646F2B62B7837D40075908C /* Release */ = {
			isa = XCBuildConfiguration;
			buildSettings = {
				ALWAYS_SEARCH_USER_PATHS = NO;
				ASSETCATALOG_COMPILER_GENERATE_SWIFT_ASSET_SYMBOL_EXTENSIONS = YES;
				CLANG_ANALYZER_NONNULL = YES;
				CLANG_ANALYZER_NUMBER_OBJECT_CONVERSION = YES_AGGRESSIVE;
				CLANG_CXX_LANGUAGE_STANDARD = "gnu++20";
				CLANG_ENABLE_MODULES = YES;
				CLANG_ENABLE_OBJC_ARC = YES;
				CLANG_ENABLE_OBJC_WEAK = YES;
				CLANG_WARN_BLOCK_CAPTURE_AUTORELEASING = YES;
				CLANG_WARN_BOOL_CONVERSION = YES;
				CLANG_WARN_COMMA = YES;
				CLANG_WARN_CONSTANT_CONVERSION = YES;
				CLANG_WARN_DEPRECATED_OBJC_IMPLEMENTATIONS = YES;
				CLANG_WARN_DIRECT_OBJC_ISA_USAGE = YES_ERROR;
				CLANG_WARN_DOCUMENTATION_COMMENTS = YES;
				CLANG_WARN_EMPTY_BODY = YES;
				CLANG_WARN_ENUM_CONVERSION = YES;
				CLANG_WARN_INFINITE_RECURSION = YES;
				CLANG_WARN_INT_CONVERSION = YES;
				CLANG_WARN_NON_LITERAL_NULL_CONVERSION = YES;
				CLANG_WARN_OBJC_IMPLICIT_RETAIN_SELF = YES;
				CLANG_WARN_OBJC_LITERAL_CONVERSION = YES;
				CLANG_WARN_OBJC_ROOT_CLASS = YES_ERROR;
				CLANG_WARN_QUOTED_INCLUDE_IN_FRAMEWORK_HEADER = YES;
				CLANG_WARN_RANGE_LOOP_ANALYSIS = YES;
				CLANG_WARN_STRICT_PROTOTYPES = YES;
				CLANG_WARN_SUSPICIOUS_MOVE = YES;
				CLANG_WARN_UNGUARDED_AVAILABILITY = YES_AGGRESSIVE;
				CLANG_WARN_UNREACHABLE_CODE = YES;
				CLANG_WARN__DUPLICATE_METHOD_MATCH = YES;
				COPY_PHASE_STRIP = NO;
				DEBUG_INFORMATION_FORMAT = "dwarf-with-dsym";
				ENABLE_NS_ASSERTIONS = NO;
				ENABLE_STRICT_OBJC_MSGSEND = YES;
				ENABLE_USER_SCRIPT_SANDBOXING = YES;
				GCC_C_LANGUAGE_STANDARD = gnu17;
				GCC_NO_COMMON_BLOCKS = YES;
				GCC_WARN_64_TO_32_BIT_CONVERSION = YES;
				GCC_WARN_ABOUT_RETURN_TYPE = YES_ERROR;
				GCC_WARN_UNDECLARED_SELECTOR = YES;
				GCC_WARN_UNINITIALIZED_AUTOS = YES_AGGRESSIVE;
				GCC_WARN_UNUSED_FUNCTION = YES;
				GCC_WARN_UNUSED_VARIABLE = YES;
				IPHONEOS_DEPLOYMENT_TARGET = 17.2;
				LOCALIZATION_PREFERS_STRING_CATALOGS = YES;
				MTL_ENABLE_DEBUG_INFO = NO;
				MTL_FAST_MATH = YES;
				SDKROOT = iphoneos;
				SWIFT_COMPILATION_MODE = wholemodule;
				VALIDATE_PRODUCT = YES;
			};
			name = Release;
		};
		7646F2B82B7837D40075908C /* Debug */ = {
			isa = XCBuildConfiguration;
			buildSettings = {
				ASSETCATALOG_COMPILER_APPICON_NAME = AppIcon;
				ASSETCATALOG_COMPILER_GLOBAL_ACCENT_COLOR_NAME = AccentColor;
				CODE_SIGN_STYLE = Automatic;
				CURRENT_PROJECT_VERSION = 1;
				DEVELOPMENT_ASSET_PATHS = "\"Prod1/Preview Content\"";
				DEVELOPMENT_TEAM = 5A6U5J7KQK;
				ENABLE_PREVIEWS = YES;
				GENERATE_INFOPLIST_FILE = YES;
				INFOPLIST_KEY_UIApplicationSceneManifest_Generation = YES;
				INFOPLIST_KEY_UIApplicationSupportsIndirectInputEvents = YES;
				INFOPLIST_KEY_UILaunchScreen_Generation = YES;
				INFOPLIST_KEY_UISupportedInterfaceOrientations_iPad = "UIInterfaceOrientationPortrait UIInterfaceOrientationPortraitUpsideDown UIInterfaceOrientationLandscapeLeft UIInterfaceOrientationLandscapeRight";
				INFOPLIST_KEY_UISupportedInterfaceOrientations_iPhone = "UIInterfaceOrientationPortrait UIInterfaceOrientationLandscapeLeft UIInterfaceOrientationLandscapeRight";
				IPHONEOS_DEPLOYMENT_TARGET = 17.2;
				LD_RUNPATH_SEARCH_PATHS = (
					"$(inherited)",
					"@executable_path/Frameworks",
				);
				MARKETING_VERSION = 1.0;
				PRODUCT_BUNDLE_IDENTIFIER = com.First.Prod1;
				PRODUCT_NAME = "$(TARGET_NAME)";
				SWIFT_EMIT_LOC_STRINGS = YES;
				SWIFT_VERSION = 5.0;
				TARGETED_DEVICE_FAMILY = "1,2";
			};
			name = Debug;
		};
		7646F2B92B7837D40075908C /* Release */ = {
			isa = XCBuildConfiguration;
			buildSettings = {
				ASSETCATALOG_COMPILER_APPICON_NAME = AppIcon;
				ASSETCATALOG_COMPILER_GLOBAL_ACCENT_COLOR_NAME = AccentColor;
				CODE_SIGN_STYLE = Automatic;
				CURRENT_PROJECT_VERSION = 1;
				DEVELOPMENT_ASSET_PATHS = "\"Prod1/Preview Content\"";
				DEVELOPMENT_TEAM = 5A6U5J7KQK;
				ENABLE_PREVIEWS = YES;
				GENERATE_INFOPLIST_FILE = YES;
				INFOPLIST_KEY_UIApplicationSceneManifest_Generation = YES;
				INFOPLIST_KEY_UIApplicationSupportsIndirectInputEvents = YES;
				INFOPLIST_KEY_UILaunchScreen_Generation = YES;
				INFOPLIST_KEY_UISupportedInterfaceOrientations_iPad = "UIInterfaceOrientationPortrait UIInterfaceOrientationPortraitUpsideDown UIInterfaceOrientationLandscapeLeft UIInterfaceOrientationLandscapeRight";
				INFOPLIST_KEY_UISupportedInterfaceOrientations_iPhone = "UIInterfaceOrientationPortrait UIInterfaceOrientationLandscapeLeft UIInterfaceOrientationLandscapeRight";
				IPHONEOS_DEPLOYMENT_TARGET = 17.2;
				LD_RUNPATH_SEARCH_PATHS = (
					"$(inherited)",
					"@executable_path/Frameworks",
				);
				MARKETING_VERSION = 1.0;
				PRODUCT_BUNDLE_IDENTIFIER = com.First.Prod1;
				PRODUCT_NAME = "$(TARGET_NAME)";
				SWIFT_EMIT_LOC_STRINGS = YES;
				SWIFT_VERSION = 5.0;
				TARGETED_DEVICE_FAMILY = "1,2";
			};
			name = Release;
		};
/* End XCBuildConfiguration section */

/* Begin XCConfigurationList section */
		7646F2A42B7837D20075908C /* Build configuration list for PBXProject "Prod1" */ = {
			isa = XCConfigurationList;
			buildConfigurations = (
				7646F2B52B7837D40075908C /* Debug */,
				7646F2B62B7837D40075908C /* Release */,
			);
			defaultConfigurationIsVisible = 0;
			defaultConfigurationName = Release;
		};
		7646F2B72B7837D40075908C /* Build configuration list for PBXNativeTarget "Prod1" */ = {
			isa = XCConfigurationList;
			buildConfigurations = (
				7646F2B82B7837D40075908C /* Debug */,
				7646F2B92B7837D40075908C /* Release */,
			);
			defaultConfigurationIsVisible = 0;
			defaultConfigurationName = Release;
		};
/* End XCConfigurationList section */

/* Begin XCRemoteSwiftPackageReference section */
		082DB65B2B9FBB8700E7E0F0 /* XCRemoteSwiftPackageReference "firebase-ios-sdk" */ = {
			isa = XCRemoteSwiftPackageReference;
			repositoryURL = "https://github.com/firebase/firebase-ios-sdk.git";
			requirement = {
				kind = upToNextMajorVersion;
				minimumVersion = 10.22.1;
			};
		};
		7646F2DC2B788A8E0075908C /* XCRemoteSwiftPackageReference "Modals" */ = {
			isa = XCRemoteSwiftPackageReference;
			repositoryURL = "http://github.com/fieldday-ai/Modals.git";
			requirement = {
				branch = main;
				kind = branch;
			};
		};
/* End XCRemoteSwiftPackageReference section */

/* Begin XCSwiftPackageProductDependency section */
		081E0E1F2BD9782600738946 /* FirebaseDatabase */ = {
			isa = XCSwiftPackageProductDependency;
			package = 082DB65B2B9FBB8700E7E0F0 /* XCRemoteSwiftPackageReference "firebase-ios-sdk" */;
			productName = FirebaseDatabase;
		};
		081E0E212BD9783100738946 /* FirebaseDatabaseSwift */ = {
			isa = XCSwiftPackageProductDependency;
			package = 082DB65B2B9FBB8700E7E0F0 /* XCRemoteSwiftPackageReference "firebase-ios-sdk" */;
			productName = FirebaseDatabaseSwift;
		};
		086FA11B2BA2201C005B26EB /* FirebaseAuth */ = {
			isa = XCSwiftPackageProductDependency;
			package = 082DB65B2B9FBB8700E7E0F0 /* XCRemoteSwiftPackageReference "firebase-ios-sdk" */;
			productName = FirebaseAuth;
		};
		086FA11D2BA22027005B26EB /* FirebaseFirestore */ = {
			isa = XCSwiftPackageProductDependency;
			package = 082DB65B2B9FBB8700E7E0F0 /* XCRemoteSwiftPackageReference "firebase-ios-sdk" */;
			productName = FirebaseFirestore;
		};
		086FA1212BA2204A005B26EB /* FirebaseStorage */ = {
			isa = XCSwiftPackageProductDependency;
			package = 082DB65B2B9FBB8700E7E0F0 /* XCRemoteSwiftPackageReference "firebase-ios-sdk" */;
			productName = FirebaseStorage;
		};
		08C5911E2BBC84AD000EE1B9 /* FirebaseFirestoreSwift */ = {
			isa = XCSwiftPackageProductDependency;
			package = 082DB65B2B9FBB8700E7E0F0 /* XCRemoteSwiftPackageReference "firebase-ios-sdk" */;
			productName = FirebaseFirestoreSwift;
		};
/* End XCSwiftPackageProductDependency section */
	};
	rootObject = 7646F2A12B7837D20075908C /* Project object */;
}
